// !$*UTF8*$!
{
	archiveVersion = 1;
	classes = {
	};
	objectVersion = 50;
	objects = {

/* Begin PBXBuildFile section */
		76AF55AA22B0A02300DE3478 /* AppDelegate.swift in Sources */ = {isa = PBXBuildFile; fileRef = 76AF55A922B0A02300DE3478 /* AppDelegate.swift */; };
		76AF55AF22B0A02300DE3478 /* Main.storyboard in Resources */ = {isa = PBXBuildFile; fileRef = 76AF55AD22B0A02300DE3478 /* Main.storyboard */; };
		76AF55B422B0A02400DE3478 /* Assets.xcassets in Resources */ = {isa = PBXBuildFile; fileRef = 76AF55B322B0A02400DE3478 /* Assets.xcassets */; };
		76AF55B722B0A02400DE3478 /* LaunchScreen.storyboard in Resources */ = {isa = PBXBuildFile; fileRef = 76AF55B522B0A02400DE3478 /* LaunchScreen.storyboard */; };
		76AF55C022B0A5A100DE3478 /* SystemConfiguration.framework in Frameworks */ = {isa = PBXBuildFile; fileRef = 76AF55BF22B0A5A100DE3478 /* SystemConfiguration.framework */; };
		CD843DAC22B0DA83000A6039 /* ViewController.swift in Sources */ = {isa = PBXBuildFile; fileRef = CD843DAB22B0DA83000A6039 /* ViewController.swift */; };
/* End PBXBuildFile section */

/* Begin PBXFileReference section */
		76AF55A622B0A02300DE3478 /* Check-WiFI.app */ = {isa = PBXFileReference; explicitFileType = wrapper.application; includeInIndex = 0; path = "Check-WiFI.app"; sourceTree = BUILT_PRODUCTS_DIR; };
		76AF55A922B0A02300DE3478 /* AppDelegate.swift */ = {isa = PBXFileReference; lastKnownFileType = sourcecode.swift; path = AppDelegate.swift; sourceTree = "<group>"; };
		76AF55AE22B0A02300DE3478 /* Base */ = {isa = PBXFileReference; lastKnownFileType = file.storyboard; name = Base; path = Base.lproj/Main.storyboard; sourceTree = "<group>"; };
		76AF55B322B0A02400DE3478 /* Assets.xcassets */ = {isa = PBXFileReference; lastKnownFileType = folder.assetcatalog; path = Assets.xcassets; sourceTree = "<group>"; };
		76AF55B622B0A02400DE3478 /* Base */ = {isa = PBXFileReference; lastKnownFileType = file.storyboard; name = Base; path = Base.lproj/LaunchScreen.storyboard; sourceTree = "<group>"; };
		76AF55B822B0A02400DE3478 /* Info.plist */ = {isa = PBXFileReference; lastKnownFileType = text.plist.xml; path = Info.plist; sourceTree = "<group>"; };
		76AF55BF22B0A5A100DE3478 /* SystemConfiguration.framework */ = {isa = PBXFileReference; lastKnownFileType = wrapper.framework; name = SystemConfiguration.framework; path = System/Library/Frameworks/SystemConfiguration.framework; sourceTree = SDKROOT; };
		76AF55C122B0A5C200DE3478 /* Check-WiFI.entitlements */ = {isa = PBXFileReference; lastKnownFileType = text.plist.entitlements; path = "Check-WiFI.entitlements"; sourceTree = "<group>"; };
		CD843DAB22B0DA83000A6039 /* ViewController.swift */ = {isa = PBXFileReference; fileEncoding = 4; lastKnownFileType = sourcecode.swift; path = ViewController.swift; sourceTree = "<group>"; };
/* End PBXFileReference section */

/* Begin PBXFrameworksBuildPhase section */
		76AF55A322B0A02300DE3478 /* Frameworks */ = {
			isa = PBXFrameworksBuildPhase;
			buildActionMask = 2147483647;
			files = (
				76AF55C022B0A5A100DE3478 /* SystemConfiguration.framework in Frameworks */,
			);
			runOnlyForDeploymentPostprocessing = 0;
		};
/* End PBXFrameworksBuildPhase section */

/* Begin PBXGroup section */
		76AF559D22B0A02300DE3478 = {
			isa = PBXGroup;
			children = (
				76AF55A822B0A02300DE3478 /* Check-WiFI */,
				76AF55A722B0A02300DE3478 /* Products */,
				76AF55BE22B0A5A100DE3478 /* Frameworks */,
			);
			sourceTree = "<group>";
		};
		76AF55A722B0A02300DE3478 /* Products */ = {
			isa = PBXGroup;
			children = (
				76AF55A622B0A02300DE3478 /* Check-WiFI.app */,
			);
			name = Products;
			sourceTree = "<group>";
		};
		76AF55A822B0A02300DE3478 /* Check-WiFI */ = {
			isa = PBXGroup;
			children = (
				76AF55C122B0A5C200DE3478 /* Check-WiFI.entitlements */,
				76AF55A922B0A02300DE3478 /* AppDelegate.swift */,
				CD843DAB22B0DA83000A6039 /* ViewController.swift */,
				76AF55AD22B0A02300DE3478 /* Main.storyboard */,
				76AF55B322B0A02400DE3478 /* Assets.xcassets */,
				76AF55B522B0A02400DE3478 /* LaunchScreen.storyboard */,
				76AF55B822B0A02400DE3478 /* Info.plist */,
			);
			path = "Check-WiFI";
			sourceTree = "<group>";
		};
		76AF55BE22B0A5A100DE3478 /* Frameworks */ = {
			isa = PBXGroup;
			children = (
				76AF55BF22B0A5A100DE3478 /* SystemConfiguration.framework */,
			);
			name = Frameworks;
			sourceTree = "<group>";
		};
/* End PBXGroup section */

/* Begin PBXNativeTarget section */
		76AF55A522B0A02300DE3478 /* Check-WiFI */ = {
			isa = PBXNativeTarget;
			buildConfigurationList = 76AF55BB22B0A02400DE3478 /* Build configuration list for PBXNativeTarget "Check-WiFI" */;
			buildPhases = (
				76AF55A222B0A02300DE3478 /* Sources */,
				76AF55A322B0A02300DE3478 /* Frameworks */,
				76AF55A422B0A02300DE3478 /* Resources */,
			);
			buildRules = (
			);
			dependencies = (
			);
			name = "Check-WiFI";
			productName = "Check-WiFI";
			productReference = 76AF55A622B0A02300DE3478 /* Check-WiFI.app */;
			productType = "com.apple.product-type.application";
		};
/* End PBXNativeTarget section */

/* Begin PBXProject section */
		76AF559E22B0A02300DE3478 /* Project object */ = {
			isa = PBXProject;
			attributes = {
				LastSwiftUpdateCheck = 1020;
				LastUpgradeCheck = 1020;
				ORGANIZATIONNAME = HackingGate;
				TargetAttributes = {
					76AF55A522B0A02300DE3478 = {
						CreatedOnToolsVersion = 10.2.1;
						SystemCapabilities = {
							com.apple.AccessWiFi = {
								enabled = 1;
							};
						};
					};
				};
			};
			buildConfigurationList = 76AF55A122B0A02300DE3478 /* Build configuration list for PBXProject "Check-WiFI" */;
			compatibilityVersion = "Xcode 9.3";
			developmentRegion = en;
			hasScannedForEncodings = 0;
			knownRegions = (
				en,
				Base,
			);
			mainGroup = 76AF559D22B0A02300DE3478;
			productRefGroup = 76AF55A722B0A02300DE3478 /* Products */;
			projectDirPath = "";
			projectRoot = "";
			targets = (
				76AF55A522B0A02300DE3478 /* Check-WiFI */,
			);
		};
/* End PBXProject section */

/* Begin PBXResourcesBuildPhase section */
		76AF55A422B0A02300DE3478 /* Resources */ = {
			isa = PBXResourcesBuildPhase;
			buildActionMask = 2147483647;
			files = (
				76AF55B722B0A02400DE3478 /* LaunchScreen.storyboard in Resources */,
				76AF55B422B0A02400DE3478 /* Assets.xcassets in Resources */,
				76AF55AF22B0A02300DE3478 /* Main.storyboard in Resources */,
			);
			runOnlyForDeploymentPostprocessing = 0;
		};
/* End PBXResourcesBuildPhase section */

/* Begin PBXSourcesBuildPhase section */
		76AF55A222B0A02300DE3478 /* Sources */ = {
			isa = PBXSourcesBuildPhase;
			buildActionMask = 2147483647;
			files = (
				CD843DAC22B0DA83000A6039 /* ViewController.swift in Sources */,
				76AF55AA22B0A02300DE3478 /* AppDelegate.swift in Sources */,
			);
			runOnlyForDeploymentPostprocessing = 0;
		};
/* End PBXSourcesBuildPhase section */

/* Begin PBXVariantGroup section */
		76AF55AD22B0A02300DE3478 /* Main.storyboard */ = {
			isa = PBXVariantGroup;
			children = (
				76AF55AE22B0A02300DE3478 /* Base */,
			);
			name = Main.storyboard;
			sourceTree = "<group>";
		};
		76AF55B522B0A02400DE3478 /* LaunchScreen.storyboard */ = {
			isa = PBXVariantGroup;
			children = (
				76AF55B622B0A02400DE3478 /* Base */,
			);
			name = LaunchScreen.storyboard;
			sourceTree = "<group>";
		};
/* End PBXVariantGroup section */

/* Begin XCBuildConfiguration section */
		76AF55B922B0A02400DE3478 /* Debug */ = {
			isa = XCBuildConfiguration;
			buildSettings = {
				ALWAYS_SEARCH_USER_PATHS = NO;
				CLANG_ANALYZER_NONNULL = YES;
				CLANG_ANALYZER_NUMBER_OBJECT_CONVERSION = YES_AGGRESSIVE;
				CLANG_CXX_LANGUAGE_STANDARD = "gnu++14";
				CLANG_CXX_LIBRARY = "libc++";
				CLANG_ENABLE_MODULES = YES;
				CLANG_ENABLE_OBJC_ARC = YES;
				CLANG_ENABLE_OBJC_WEAK = YES;
				CLANG_WARN_BLOCK_CAPTURE_AUTORELEASING = YES;
				CLANG_WARN_BOOL_CONVERSION = YES;
				CLANG_WARN_COMMA = YES;
				CLANG_WARN_CONSTANT_CONVERSION = YES;
				CLANG_WARN_DEPRECATED_OBJC_IMPLEMENTATIONS = YES;
				CLANG_WARN_DIRECT_OBJC_ISA_USAGE = YES_ERROR;
				CLANG_WARN_DOCUMENTATION_COMMENTS = YES;
				CLANG_WARN_EMPTY_BODY = YES;
				CLANG_WARN_ENUM_CONVERSION = YES;
				CLANG_WARN_INFINITE_RECURSION = YES;
				CLANG_WARN_INT_CONVERSION = YES;
				CLANG_WARN_NON_LITERAL_NULL_CONVERSION = YES;
				CLANG_WARN_OBJC_IMPLICIT_RETAIN_SELF = YES;
				CLANG_WARN_OBJC_LITERAL_CONVERSION = YES;
				CLANG_WARN_OBJC_ROOT_CLASS = YES_ERROR;
				CLANG_WARN_RANGE_LOOP_ANALYSIS = YES;
				CLANG_WARN_STRICT_PROTOTYPES = YES;
				CLANG_WARN_SUSPICIOUS_MOVE = YES;
				CLANG_WARN_UNGUARDED_AVAILABILITY = YES_AGGRESSIVE;
				CLANG_WARN_UNREACHABLE_CODE = YES;
				CLANG_WARN__DUPLICATE_METHOD_MATCH = YES;
				CODE_SIGN_IDENTITY = "iPhone Developer";
				COPY_PHASE_STRIP = NO;
				DEBUG_INFORMATION_FORMAT = dwarf;
				ENABLE_STRICT_OBJC_MSGSEND = YES;
				ENABLE_TESTABILITY = YES;
				GCC_C_LANGUAGE_STANDARD = gnu11;
				GCC_DYNAMIC_NO_PIC = NO;
				GCC_NO_COMMON_BLOCKS = YES;
				GCC_OPTIMIZATION_LEVEL = 0;
				GCC_PREPROCESSOR_DEFINITIONS = (
					"DEBUG=1",
					"$(inherited)",
				);
				GCC_WARN_64_TO_32_BIT_CONVERSION = YES;
				GCC_WARN_ABOUT_RETURN_TYPE = YES_ERROR;
				GCC_WARN_UNDECLARED_SELECTOR = YES;
				GCC_WARN_UNINITIALIZED_AUTOS = YES_AGGRESSIVE;
				GCC_WARN_UNUSED_FUNCTION = YES;
				GCC_WARN_UNUSED_VARIABLE = YES;
				IPHONEOS_DEPLOYMENT_TARGET = 12.2;
				MTL_ENABLE_DEBUG_INFO = INCLUDE_SOURCE;
				MTL_FAST_MATH = YES;
				ONLY_ACTIVE_ARCH = YES;
				SDKROOT = iphoneos;
				SWIFT_ACTIVE_COMPILATION_CONDITIONS = DEBUG;
				SWIFT_OPTIMIZATION_LEVEL = "-Onone";
				SWIFT_VERSION = 4.0;
			};
			name = Debug;
		};
		76AF55BA22B0A02400DE3478 /* Release */ = {
			isa = XCBuildConfiguration;
			buildSettings = {
				ALWAYS_SEARCH_USER_PATHS = NO;
				CLANG_ANALYZER_NONNULL = YES;
				CLANG_ANALYZER_NUMBER_OBJECT_CONVERSION = YES_AGGRESSIVE;
				CLANG_CXX_LANGUAGE_STANDARD = "gnu++14";
				CLANG_CXX_LIBRARY = "libc++";
				CLANG_ENABLE_MODULES = YES;
				CLANG_ENABLE_OBJC_ARC = YES;
				CLANG_ENABLE_OBJC_WEAK = YES;
				CLANG_WARN_BLOCK_CAPTURE_AUTORELEASING = YES;
				CLANG_WARN_BOOL_CONVERSION = YES;
				CLANG_WARN_COMMA = YES;
				CLANG_WARN_CONSTANT_CONVERSION = YES;
				CLANG_WARN_DEPRECATED_OBJC_IMPLEMENTATIONS = YES;
				CLANG_WARN_DIRECT_OBJC_ISA_USAGE = YES_ERROR;
				CLANG_WARN_DOCUMENTATION_COMMENTS = YES;
				CLANG_WARN_EMPTY_BODY = YES;
				CLANG_WARN_ENUM_CONVERSION = YES;
				CLANG_WARN_INFINITE_RECURSION = YES;
				CLANG_WARN_INT_CONVERSION = YES;
				CLANG_WARN_NON_LITERAL_NULL_CONVERSION = YES;
				CLANG_WARN_OBJC_IMPLICIT_RETAIN_SELF = YES;
				CLANG_WARN_OBJC_LITERAL_CONVERSION = YES;
				CLANG_WARN_OBJC_ROOT_CLASS = YES_ERROR;
				CLANG_WARN_RANGE_LOOP_ANALYSIS = YES;
				CLANG_WARN_STRICT_PROTOTYPES = YES;
				CLANG_WARN_SUSPICIOUS_MOVE = YES;
				CLANG_WARN_UNGUARDED_AVAILABILITY = YES_AGGRESSIVE;
				CLANG_WARN_UNREACHABLE_CODE = YES;
				CLANG_WARN__DUPLICATE_METHOD_MATCH = YES;
				CODE_SIGN_IDENTITY = "iPhone Developer";
				COPY_PHASE_STRIP = NO;
				DEBUG_INFORMATION_FORMAT = "dwarf-with-dsym";
				ENABLE_NS_ASSERTIONS = NO;
				ENABLE_STRICT_OBJC_MSGSEND = YES;
				GCC_C_LANGUAGE_STANDARD = gnu11;
				GCC_NO_COMMON_BLOCKS = YES;
				GCC_WARN_64_TO_32_BIT_CONVERSION = YES;
				GCC_WARN_ABOUT_RETURN_TYPE = YES_ERROR;
				GCC_WARN_UNDECLARED_SELECTOR = YES;
				GCC_WARN_UNINITIALIZED_AUTOS = YES_AGGRESSIVE;
				GCC_WARN_UNUSED_FUNCTION = YES;
				GCC_WARN_UNUSED_VARIABLE = YES;
				IPHONEOS_DEPLOYMENT_TARGET = 12.2;
				MTL_ENABLE_DEBUG_INFO = NO;
				MTL_FAST_MATH = YES;
				SDKROOT = iphoneos;
				SWIFT_COMPILATION_MODE = wholemodule;
				SWIFT_OPTIMIZATION_LEVEL = "-O";
				SWIFT_VERSION = 4.0;
				VALIDATE_PRODUCT = YES;
			};
			name = Release;
		};
		76AF55BC22B0A02400DE3478 /* Debug */ = {
			isa = XCBuildConfiguration;
			buildSettings = {
				ASSETCATALOG_COMPILER_APPICON_NAME = AppIcon;
				CODE_SIGN_ENTITLEMENTS = "Check-WiFI/Check-WiFI.entitlements";
				CODE_SIGN_STYLE = Automatic;
				DEVELOPMENT_TEAM = 77CB32R5F4;
				INFOPLIST_FILE = "Check-WiFI/Info.plist";
				IPHONEOS_DEPLOYMENT_TARGET = 11.0;
				LD_RUNPATH_SEARCH_PATHS = (
					"$(inherited)",
					"@executable_path/Frameworks",
				);
				PRODUCT_BUNDLE_IDENTIFIER = "com.hackinggate.Check-WiFI";
				PRODUCT_NAME = "$(TARGET_NAME)";
				SWIFT_VERSION = 4.0;
				TARGETED_DEVICE_FAMILY = "1,2";
			};
			name = Debug;
		};
		76AF55BD22B0A02400DE3478 /* Release */ = {
			isa = XCBuildConfiguration;
			buildSettings = {
				ASSETCATALOG_COMPILER_APPICON_NAME = AppIcon;
				CODE_SIGN_ENTITLEMENTS = "Check-WiFI/Check-WiFI.entitlements";
				CODE_SIGN_STYLE = Automatic;
				DEVELOPMENT_TEAM = 77CB32R5F4;
				INFOPLIST_FILE = "Check-WiFI/Info.plist";
				IPHONEOS_DEPLOYMENT_TARGET = 11.0;
				LD_RUNPATH_SEARCH_PATHS = (
					"$(inherited)",
					"@executable_path/Frameworks",
				);
				PRODUCT_BUNDLE_IDENTIFIER = "com.hackinggate.Check-WiFI";
				PRODUCT_NAME = "$(TARGET_NAME)";
				SWIFT_VERSION = 4.0;
				TARGETED_DEVICE_FAMILY = "1,2";
			};
			name = Release;
		};
/* End XCBuildConfiguration section */

/* Begin XCConfigurationList section */
		76AF55A122B0A02300DE3478 /* Build configuration list for PBXProject "Check-WiFI" */ = {
			isa = XCConfigurationList;
			buildConfigurations = (
				76AF55B922B0A02400DE3478 /* Debug */,
				76AF55BA22B0A02400DE3478 /* Release */,
			);
			defaultConfigurationIsVisible = 0;
			defaultConfigurationName = Release;
		};
		76AF55BB22B0A02400DE3478 /* Build configuration list for PBXNativeTarget "Check-WiFI" */ = {
			isa = XCConfigurationList;
			buildConfigurations = (
				76AF55BC22B0A02400DE3478 /* Debug */,
				76AF55BD22B0A02400DE3478 /* Release */,
			);
			defaultConfigurationIsVisible = 0;
			defaultConfigurationName = Release;
		};
/* End XCConfigurationList section */
	};
	rootObject = 76AF559E22B0A02300DE3478 /* Project object */;
}
